github.com/herumi/bls-eth-go-binary v0.0.0-20201019012252-4b463a10c225 h1:S7pKW74AvYc89WawL6IxGSnJRxF4TkE1GITYqKFyYy4=
github.com/herumi/bls-eth-go-binary v0.0.0-20201019012252-4b463a10c225/go.mod h1:luAnRm3OsMQeokhGzpYmc0ZKwawY7o87PUEP11Z7r7U=
github.com/holiman/uint256 v1.1.1 h1:4JywC80b+/hSfljFlEBLHrrh+CIONLDz9NuFl0af4Mw=
github.com/holiman/uint256 v1.1.1/go.mod h1:y4ga/t+u+Xwd7CpDgZESaRcWy0I7XMlTMA25ApIH5Jw=
