github.com/herumi/bls-eth-go-binary v0.0.0-20201019012252-4b463a10c225 h1:S7pKW74AvYc89WawL6IxGSnJRxF4TkE1GITYqKFyYy4=
github.com/herumi/bls-eth-go-binary v0.0.0-20201019012252-4b463a10c225/go.mod h1:luAnRm3OsMQeokhGzpYmc0ZKwawY7o87PUEP11Z7r7U=
github.com/herumi/bls-eth-go-binary v0.0.0-20210102080045-a126987eca2b h1:jBEFmUD9Bhz1+V//KNoWv+f6YNuvw1CGxdDfG9k0QL8=
github.com/holiman/uint256 v1.1.1 h1:4JywC80b+/hSfljFlEBLHrrh+CIONLDz9NuFl0af4Mw=
github.com/holiman/uint256 v1.1.1/go.mod h1:y4ga/t+u+Xwd7CpDgZESaRcWy0I7XMlTMA25ApIH5Jw=
github.com/kilic/bls12-381 v0.0.0-20201226121925-69dacb279461 h1:eZB80d/IKkIPjCTLUBT6+Imzn2zLpXtJFzY986jlHV4=
github.com/kilic/bls12-381 v0.0.0-20201226121925-69dacb279461/go.mod h1:vDTTHJONJ6G+P2R74EhnyotQDTliQDnFEwhdmfzw1ig=
github.com/kilic/bls12-381 v0.0.0-20210111123357-c0f46a7d5c1f h1:onFSO2M/xjnod0D0MAO6lIZQ3nCpr7WyQWDc7PnSpas=
github.com/kilic/bls12-381 v0.0.0-20210111123357-c0f46a7d5c1f/go.mod h1:vDTTHJONJ6G+P2R74EhnyotQDTliQDnFEwhdmfzw1ig=
golang.org/x/sys v0.0.0-20201101102859-da207088b7d1 h1:a/mKvvZr9Jcc8oKfcmgzyp7OwF73JPWsQLvH1z2Kxck=
golang.org/x/sys v0.0.0-20201101102859-da207088b7d1/go.mod h1:h1NjWce9XRLGQEsW7wpKNCjG9DtNlClVuFLEZdDNbEs=
golang.org/x/sys v0.0.0-20210110051926-789bb1bd4061 h1:DQmQoKxQWtyybCtX/3dIuDBcAhFszqq8YiNeS6sNu1c=
golang.org/x/sys v0.0.0-20210110051926-789bb1bd4061/go.mod h1:h1NjWce9XRLGQEsW7wpKNCjG9DtNlClVuFLEZdDNbEs=
